# This file is automatically @generated by Cargo.
# It is not intended for manual editing.
[[package]]
name = "akhashic-record"
version = "0.1.0"
dependencies = [
 "chunk_writer 0.1.0",
 "image 0.1.0",
 "lzw 0.1.0",
]

[[package]]
name = "chunk_writer"
version = "0.1.0"
dependencies = [
 "crc 0.1.0",
 "image 0.1.0",
 "lzw 0.1.0",
]

[[package]]
name = "crc"
version = "0.1.0"

[[package]]
name = "image"
version = "0.1.0"

[[package]]
name = "lz77"
version = "0.1.0"

[[package]]
name = "lzw"
version = "0.1.0"

[[package]]
name = "zlib"
version = "0.1.0"

